
Microsoft Visual Studio Solution File, Format Version 12.00
# Visual Studio 14
VisualStudioVersion = 14.0.24720.0
MinimumVisualStudioVersion = 10.0.40219.1
Project("{FAE04EC0-301F-11D3-BF4B-00C04F79EFBC}") = "Game.Core", "Game.Core\Game.Core.csproj", "{C72E1102-FE22-4F30-93DF-62EA9B8D289F}"
EndProject
Project("{FAE04EC0-301F-11D3-BF4B-00C04F79EFBC}") = "Game.Client", "Game.Client\Game.Client.csproj", "{9FF003F3-B75C-45D1-95EE-CE58AD959B0A}"
EndProject
Project("{2150E333-8FDC-42A3-9474-1A3956D46DE8}") = "Files", "Files", "{3AF07970-5C0F-44BB-89D9-F61FB0BE34A8}"
	ProjectSection(SolutionItems) = preProject
		Files\AudioFiles.xml = Files\AudioFiles.xml
		Files\Commands.xml = Files\Commands.xml
		Files\StorySteps.xml = Files\StorySteps.xml
		testsound.wav = testsound.wav
	EndProjectSection
EndProject
Project("{FAE04EC0-301F-11D3-BF4B-00C04F79EFBC}") = "Game.Client.UWA", "Game.Client.UWA\Game.Client.UWA.csproj", "{702B5EF3-A66A-4867-925E-6E2068FBC3A8}"
EndProject
Global
	GlobalSection(SolutionConfigurationPlatforms) = preSolution
		Debug|Any CPU = Debug|Any CPU
		Debug|ARM = Debug|ARM
		Debug|x64 = Debug|x64
		Debug|x86 = Debug|x86
		Release|Any CPU = Release|Any CPU
		Release|ARM = Release|ARM
		Release|x64 = Release|x64
		Release|x86 = Release|x86
	EndGlobalSection
	GlobalSection(ProjectConfigurationPlatforms) = postSolution
		{C72E1102-FE22-4F30-93DF-62EA9B8D289F}.Debug|Any CPU.ActiveCfg = Debug|Any CPU
		{C72E1102-FE22-4F30-93DF-62EA9B8D289F}.Debug|Any CPU.Build.0 = Debug|Any CPU
		{C72E1102-FE22-4F30-93DF-62EA9B8D289F}.Debug|ARM.ActiveCfg = Debug|Any CPU
		{C72E1102-FE22-4F30-93DF-62EA9B8D289F}.Debug|ARM.Build.0 = Debug|Any CPU
		{C72E1102-FE22-4F30-93DF-62EA9B8D289F}.Debug|x64.ActiveCfg = Debug|Any CPU
		{C72E1102-FE22-4F30-93DF-62EA9B8D289F}.Debug|x64.Build.0 = Debug|Any CPU
		{C72E1102-FE22-4F30-93DF-62EA9B8D289F}.Debug|x86.ActiveCfg = Debug|Any CPU
		{C72E1102-FE22-4F30-93DF-62EA9B8D289F}.Debug|x86.Build.0 = Debug|Any CPU
		{C72E1102-FE22-4F30-93DF-62EA9B8D289F}.Release|Any CPU.ActiveCfg = Release|Any CPU
		{C72E1102-FE22-4F30-93DF-62EA9B8D289F}.Release|Any CPU.Build.0 = Release|Any CPU
		{C72E1102-FE22-4F30-93DF-62EA9B8D289F}.Release|ARM.ActiveCfg = Release|Any CPU
		{C72E1102-FE22-4F30-93DF-62EA9B8D289F}.Release|ARM.Build.0 = Release|Any CPU
		{C72E1102-FE22-4F30-93DF-62EA9B8D289F}.Release|x64.ActiveCfg = Release|Any CPU
		{C72E1102-FE22-4F30-93DF-62EA9B8D289F}.Release|x64.Build.0 = Release|Any CPU
		{C72E1102-FE22-4F30-93DF-62EA9B8D289F}.Release|x86.ActiveCfg = Release|Any CPU
		{C72E1102-FE22-4F30-93DF-62EA9B8D289F}.Release|x86.Build.0 = Release|Any CPU
		{9FF003F3-B75C-45D1-95EE-CE58AD959B0A}.Debug|Any CPU.ActiveCfg = Debug|Any CPU
		{9FF003F3-B75C-45D1-95EE-CE58AD959B0A}.Debug|Any CPU.Build.0 = Debug|Any CPU
		{9FF003F3-B75C-45D1-95EE-CE58AD959B0A}.Debug|ARM.ActiveCfg = Debug|Any CPU
		{9FF003F3-B75C-45D1-95EE-CE58AD959B0A}.Debug|ARM.Build.0 = Debug|Any CPU
		{9FF003F3-B75C-45D1-95EE-CE58AD959B0A}.Debug|x64.ActiveCfg = Debug|Any CPU
		{9FF003F3-B75C-45D1-95EE-CE58AD959B0A}.Debug|x64.Build.0 = Debug|Any CPU
		{9FF003F3-B75C-45D1-95EE-CE58AD959B0A}.Debug|x86.ActiveCfg = Debug|Any CPU
		{9FF003F3-B75C-45D1-95EE-CE58AD959B0A}.Debug|x86.Build.0 = Debug|Any CPU
		{9FF003F3-B75C-45D1-95EE-CE58AD959B0A}.Release|Any CPU.ActiveCfg = Release|Any CPU
		{9FF003F3-B75C-45D1-95EE-CE58AD959B0A}.Release|Any CPU.Build.0 = Release|Any CPU
		{9FF003F3-B75C-45D1-95EE-CE58AD959B0A}.Release|ARM.ActiveCfg = Release|Any CPU
		{9FF003F3-B75C-45D1-95EE-CE58AD959B0A}.Release|ARM.Build.0 = Release|Any CPU
		{9FF003F3-B75C-45D1-95EE-CE58AD959B0A}.Release|x64.ActiveCfg = Release|Any CPU
		{9FF003F3-B75C-45D1-95EE-CE58AD959B0A}.Release|x64.Build.0 = Release|Any CPU
		{9FF003F3-B75C-45D1-95EE-CE58AD959B0A}.Release|x86.ActiveCfg = Release|Any CPU
		{9FF003F3-B75C-45D1-95EE-CE58AD959B0A}.Release|x86.Build.0 = Release|Any CPU
		{702B5EF3-A66A-4867-925E-6E2068FBC3A8}.Debug|Any CPU.ActiveCfg = Debug|x86
		{702B5EF3-A66A-4867-925E-6E2068FBC3A8}.Debug|ARM.ActiveCfg = Debug|ARM
		{702B5EF3-A66A-4867-925E-6E2068FBC3A8}.Debug|ARM.Build.0 = Debug|ARM
		{702B5EF3-A66A-4867-925E-6E2068FBC3A8}.Debug|ARM.Deploy.0 = Debug|ARM
		{702B5EF3-A66A-4867-925E-6E2068FBC3A8}.Debug|x64.ActiveCfg = Debug|x64
		{702B5EF3-A66A-4867-925E-6E2068FBC3A8}.Debug|x64.Build.0 = Debug|x64
		{702B5EF3-A66A-4867-925E-6E2068FBC3A8}.Debug|x64.Deploy.0 = Debug|x64
		{702B5EF3-A66A-4867-925E-6E2068FBC3A8}.Debug|x86.ActiveCfg = Debug|x86
		{702B5EF3-A66A-4867-925E-6E2068FBC3A8}.Debug|x86.Build.0 = Debug|x86
		{702B5EF3-A66A-4867-925E-6E2068FBC3A8}.Debug|x86.Deploy.0 = Debug|x86
		{702B5EF3-A66A-4867-925E-6E2068FBC3A8}.Release|Any CPU.ActiveCfg = Release|x86
		{702B5EF3-A66A-4867-925E-6E2068FBC3A8}.Release|ARM.ActiveCfg = Release|ARM
		{702B5EF3-A66A-4867-925E-6E2068FBC3A8}.Release|ARM.Build.0 = Release|ARM
		{702B5EF3-A66A-4867-925E-6E2068FBC3A8}.Release|ARM.Deploy.0 = Release|ARM
		{702B5EF3-A66A-4867-925E-6E2068FBC3A8}.Release|x64.ActiveCfg = Release|x64
		{702B5EF3-A66A-4867-925E-6E2068FBC3A8}.Release|x64.Build.0 = Release|x64
		{702B5EF3-A66A-4867-925E-6E2068FBC3A8}.Release|x64.Deploy.0 = Release|x64
		{702B5EF3-A66A-4867-925E-6E2068FBC3A8}.Release|x86.ActiveCfg = Release|x86
		{702B5EF3-A66A-4867-925E-6E2068FBC3A8}.Release|x86.Build.0 = Release|x86
		{702B5EF3-A66A-4867-925E-6E2068FBC3A8}.Release|x86.Deploy.0 = Release|x86
	EndGlobalSection
	GlobalSection(SolutionProperties) = preSolution
		HideSolutionNode = FALSE
	EndGlobalSection
EndGlobal
