
Microsoft Visual Studio Solution File, Format Version 12.00
# Visual Studio 14
VisualStudioVersion = 14.0.24720.0
MinimumVisualStudioVersion = 10.0.40219.1
Project("{FAE04EC0-301F-11D3-BF4B-00C04F79EFBC}") = "Game.Console", "Game.Console\Game.Console.csproj", "{A91802A0-FC35-41DF-866C-5899C02BDC55}"
EndProject
Global
	GlobalSection(SolutionConfigurationPlatforms) = preSolution
		Debug|Any CPU = Debug|Any CPU
		Release|Any CPU = Release|Any CPU
	EndGlobalSection
	GlobalSection(ProjectConfigurationPlatforms) = postSolution
		{A91802A0-FC35-41DF-866C-5899C02BDC55}.Debug|Any CPU.ActiveCfg = Debug|Any CPU
		{A91802A0-FC35-41DF-866C-5899C02BDC55}.Debug|Any CPU.Build.0 = Debug|Any CPU
		{A91802A0-FC35-41DF-866C-5899C02BDC55}.Release|Any CPU.ActiveCfg = Release|Any CPU
		{A91802A0-FC35-41DF-866C-5899C02BDC55}.Release|Any CPU.Build.0 = Release|Any CPU
	EndGlobalSection
	GlobalSection(SolutionProperties) = preSolution
		HideSolutionNode = FALSE
	EndGlobalSection
EndGlobal
